
Microsoft Visual Studio Solution File, Format Version 12.00
# Visual Studio Version 16
VisualStudioVersion = 16.0.29306.81
MinimumVisualStudioVersion = 10.0.40219.1
Project("{F184B08F-C81C-45F6-A57F-5ABD9991F28F}") = "SkewedSlotsModule", "SkewedSlotsModule\SkewedSlotsModule.vbproj", "{8CDAD77C-FA4F-485C-9144-8AAD7F6C4A56}"
EndProject
Global
	GlobalSection(SolutionConfigurationPlatforms) = preSolution
		Debug|Any CPU = Debug|Any CPU
		Release|Any CPU = Release|Any CPU
	EndGlobalSection
	GlobalSection(ProjectConfigurationPlatforms) = postSolution
		{8CDAD77C-FA4F-485C-9144-8AAD7F6C4A56}.Debug|Any CPU.ActiveCfg = Debug|Any CPU
		{8CDAD77C-FA4F-485C-9144-8AAD7F6C4A56}.Debug|Any CPU.Build.0 = Debug|Any CPU
		{8CDAD77C-FA4F-485C-9144-8AAD7F6C4A56}.Release|Any CPU.ActiveCfg = Release|Any CPU
		{8CDAD77C-FA4F-485C-9144-8AAD7F6C4A56}.Release|Any CPU.Build.0 = Release|Any CPU
	EndGlobalSection
	GlobalSection(SolutionProperties) = preSolution
		HideSolutionNode = FALSE
	EndGlobalSection
	GlobalSection(ExtensibilityGlobals) = postSolution
		SolutionGuid = {F2290D8F-9213-4ECC-B28D-CC4BC1570B10}
	EndGlobalSection
EndGlobal
